{
  "name": "colony",
  "version": "1.0.0",
  "lockfileVersion": 1,
  "requires": true,
  "dependencies": {
    "@cronvel/get-pixels": {
      "version": "3.4.1",
      "resolved": "https://registry.npmjs.org/@cronvel/get-pixels/-/get-pixels-3.4.1.tgz",
      "integrity": "sha512-gB5C5nDIacLUdsMuW8YsM9SzK3vaFANe4J11CVXpovpy7bZUGrcJKmc6m/0gWG789pKr6XSZY2aEetjFvSRw5g==",
      "requires": {
        "jpeg-js": "^0.4.4",
        "ndarray": "^1.0.19",
        "ndarray-pack": "^1.1.1",
        "node-bitmap": "0.0.1",
        "omggif": "^1.0.10",
        "pngjs": "^6.0.0"
      }
    },
    "array-foreach-async": {
      "version": "1.0.1",
      "resolved": "https://registry.npmjs.org/array-foreach-async/-/array-foreach-async-1.0.1.tgz",
      "integrity": "sha512-Z66Mj8Z5xt1pfcvP8+HrGJ+fVQyosvZNJkMSEE6CgU8tOU/ivv6tMsaX9HTlU5BlQ+ec2woA+gxzNdzDxnNRhQ=="
    },
    "async-limiter": {
      "version": "1.0.1",
      "resolved": "https://registry.npmjs.org/async-limiter/-/async-limiter-1.0.1.tgz",
      "integrity": "sha512-csOlWGAcRFJaI6m+F2WKdnMKr4HhdhFVBk0H/QbJFMCr+uO2kwohwXQPxw/9OCxp05r5ghVBFSyioixx3gfkNQ=="
    },
    "chroma-js": {
      "version": "2.4.2",
      "resolved": "https://registry.npmjs.org/chroma-js/-/chroma-js-2.4.2.tgz",
      "integrity": "sha512-U9eDw6+wt7V8z5NncY2jJfZa+hUH8XEj8FQHgFJTrUFnJfXYf4Ml4adI2vXZOjqRDpFWtYVWypDfZwnJ+HIR4A=="
    },
    "clone": {
      "version": "2.1.2",
      "resolved": "https://registry.npmjs.org/clone/-/clone-2.1.2.tgz",
      "integrity": "sha1-G39Ln1kfHo+DZwQBYANFoCiHQ18="
    },
    "commander": {
      "version": "2.20.3",
      "resolved": "https://registry.npmjs.org/commander/-/commander-2.20.3.tgz",
      "integrity": "sha512-GpVkmM8vF2vQUkj2LvZmD35JxeJOLCwJ9cUkugyk2nuhbv3+mJvpLYYt+0+USMxE+oj+ey/lJEnhZw75x/OMcQ=="
    },
    "cwise-compiler": {
      "version": "1.1.3",
      "resolved": "https://registry.npmjs.org/cwise-compiler/-/cwise-compiler-1.1.3.tgz",
      "integrity": "sha512-WXlK/m+Di8DMMcCjcWr4i+XzcQra9eCdXIJrgh4TUgh0pIS/yJduLxS9JgefsHJ/YVLdgPtXm9r62W92MvanEQ==",
      "requires": {
        "uniq": "^1.0.0"
      }
    },
    "discontinuous-range": {
      "version": "1.0.0",
      "resolved": "https://registry.npmjs.org/discontinuous-range/-/discontinuous-range-1.0.0.tgz",
      "integrity": "sha1-44Mx8IRLukm5qctxx3FYWqsbxlo="
    },
    "iota-array": {
      "version": "1.0.0",
      "resolved": "https://registry.npmjs.org/iota-array/-/iota-array-1.0.0.tgz",
      "integrity": "sha512-pZ2xT+LOHckCatGQ3DcG/a+QuEqvoxqkiL7tvE8nn3uuu+f6i1TtpB5/FtWFbxUuVr5PZCx8KskuGatbJDXOWA=="
    },
    "is-buffer": {
      "version": "1.1.6",
      "resolved": "https://registry.npmjs.org/is-buffer/-/is-buffer-1.1.6.tgz",
      "integrity": "sha512-NcdALwpXkTm5Zvvbk7owOUSvVvBKDgKP5/ewfXEznmQFfs4ZRmanOeKBTjRVjka3QFoN6XJ+9F3USqfHqTaU5w=="
    },
    "jpeg-js": {
      "version": "0.4.4",
      "resolved": "https://registry.npmjs.org/jpeg-js/-/jpeg-js-0.4.4.tgz",
      "integrity": "sha512-WZzeDOEtTOBK4Mdsar0IqEU5sMr3vSV2RqkAIzUEV2BHnUfKGyswWFPFwK5EeDo93K3FohSHbLAjj0s1Wzd+dg=="
    },
    "lazyness": {
      "version": "1.2.0",
      "resolved": "https://registry.npmjs.org/lazyness/-/lazyness-1.2.0.tgz",
      "integrity": "sha512-KenL6EFbwxBwRxG93t0gcUyi0Nw0Ub31FJKN1laA4UscdkL1K1AxUd0gYZdcLU3v+x+wcFi4uQKS5hL+fk500g=="
    },
    "moo": {
      "version": "0.5.1",
      "resolved": "https://registry.npmjs.org/moo/-/moo-0.5.1.tgz",
      "integrity": "sha512-I1mnb5xn4fO80BH9BLcF0yLypy2UKl+Cb01Fu0hJRkJjlCRtxZMWkTdAtDd5ZqCOxtCkhmRwyI57vWT+1iZ67w=="
    },
    "ndarray": {
      "version": "1.0.19",
      "resolved": "https://registry.npmjs.org/ndarray/-/ndarray-1.0.19.tgz",
      "integrity": "sha512-B4JHA4vdyZU30ELBw3g7/p9bZupyew5a7tX1Y/gGeF2hafrPaQZhgrGQfsvgfYbgdFZjYwuEcnaobeM/WMW+HQ==",
      "requires": {
        "iota-array": "^1.0.0",
        "is-buffer": "^1.0.2"
      }
    },
    "ndarray-pack": {
      "version": "1.2.1",
      "resolved": "https://registry.npmjs.org/ndarray-pack/-/ndarray-pack-1.2.1.tgz",
      "integrity": "sha512-51cECUJMT0rUZNQa09EoKsnFeDL4x2dHRT0VR5U2H5ZgEcm95ZDWcMA5JShroXjHOejmAD/fg8+H+OvUnVXz2g==",
      "requires": {
        "cwise-compiler": "^1.1.2",
        "ndarray": "^1.0.13"
      }
    },
    "nearley": {
      "version": "2.19.0",
      "resolved": "https://registry.npmjs.org/nearley/-/nearley-2.19.0.tgz",
      "integrity": "sha512-2v52FTw7RPqieZr3Gth1luAXZR7Je6q3KaDHY5bjl/paDUdMu35fZ8ICNgiYJRr3tf3NMvIQQR1r27AvEr9CRA==",
      "requires": {
        "commander": "^2.19.0",
        "moo": "^0.4.3",
        "railroad-diagrams": "^1.0.0",
        "randexp": "0.4.6",
        "semver": "^5.4.1"
      },
      "dependencies": {
        "moo": {
          "version": "0.4.3",
          "resolved": "https://registry.npmjs.org/moo/-/moo-0.4.3.tgz",
          "integrity": "sha512-gFD2xGCl8YFgGHsqJ9NKRVdwlioeW3mI1iqfLNYQOv0+6JRwG58Zk9DIGQgyIaffSYaO1xsKnMaYzzNr1KyIAw=="
        }
      }
    },
    "nextgen-events": {
      "version": "1.5.3",
      "resolved": "https://registry.npmjs.org/nextgen-events/-/nextgen-events-1.5.3.tgz",
      "integrity": "sha512-P6qw6kenNXP+J9XlKJNi/MNHUQ+Lx5K8FEcSfX7/w8KJdZan5+BB5MKzuNgL2RTjHG1Svg8SehfseVEp8zAqwA=="
    },
    "node-bitmap": {
      "version": "0.0.1",
      "resolved": "https://registry.npmjs.org/node-bitmap/-/node-bitmap-0.0.1.tgz",
      "integrity": "sha512-Jx5lPaaLdIaOsj2mVLWMWulXF6GQVdyLvNSxmiYCvZ8Ma2hfKX0POoR2kgKOqz+oFsRreq0yYZjQ2wjE9VNzCA=="
    },
    "omggif": {
      "version": "1.0.10",
      "resolved": "https://registry.npmjs.org/omggif/-/omggif-1.0.10.tgz",
      "integrity": "sha512-LMJTtvgc/nugXj0Vcrrs68Mn2D1r0zf630VNtqtpI1FEO7e+O9FP4gqs9AcnBaSEeoHIPm28u6qgPR0oyEpGSw=="
    },
    "pngjs": {
      "version": "6.0.0",
      "resolved": "https://registry.npmjs.org/pngjs/-/pngjs-6.0.0.tgz",
      "integrity": "sha512-TRzzuFRRmEoSW/p1KVAmiOgPco2Irlah+bGFCeNfJXxxYGwSw7YwAOAcd7X28K/m5bjBWKsC29KyoMfHbypayg=="
    },
    "railroad-diagrams": {
      "version": "1.0.0",
      "resolved": "https://registry.npmjs.org/railroad-diagrams/-/railroad-diagrams-1.0.0.tgz",
      "integrity": "sha1-635iZ1SN3t+4mcG5Dlc3RVnN234="
    },
    "randexp": {
      "version": "0.4.6",
      "resolved": "https://registry.npmjs.org/randexp/-/randexp-0.4.6.tgz",
      "integrity": "sha512-80WNmd9DA0tmZrw9qQa62GPPWfuXJknrmVmLcxvq4uZBdYqb1wYoKTmnlGUchvVWe0XiLupYkBoXVOxz3C8DYQ==",
      "requires": {
        "discontinuous-range": "1.0.0",
        "ret": "~0.1.10"
      }
    },
    "ret": {
      "version": "0.1.15",
      "resolved": "https://registry.npmjs.org/ret/-/ret-0.1.15.tgz",
      "integrity": "sha512-TTlYpa+OL+vMMNG24xSlQGEJ3B/RzEfUlLct7b5G/ytav+wPrplCpVMFuwzXbkecJrb6IYo1iFb0S9v37754mg=="
    },
    "seed-random": {
      "version": "2.2.0",
      "resolved": "https://registry.npmjs.org/seed-random/-/seed-random-2.2.0.tgz",
      "integrity": "sha1-KpsZ4lCoFwmSMaW5mk2vgLf77VQ="
    },
    "semver": {
      "version": "5.7.1",
      "resolved": "https://registry.npmjs.org/semver/-/semver-5.7.1.tgz",
      "integrity": "sha512-sauaDf/PZdVgrLTNYHRtpXa1iRiKcaebiKQ1BJdpQlWH2lCvexQdX55snPFyK7QzpudqbCI0qXFfOasHdyNDGQ=="
    },
    "setimmediate": {
      "version": "1.0.5",
      "resolved": "https://registry.npmjs.org/setimmediate/-/setimmediate-1.0.5.tgz",
      "integrity": "sha512-MATJdZp8sLqDl/68LfQmbP8zKPLQNV6BIZoIgrscFDQ+RsvK/BxeDQOgyxKKoh0y/8h3BqVFnCqQ/gd+reiIXA=="
    },
    "seventh": {
      "version": "0.7.40",
      "resolved": "https://registry.npmjs.org/seventh/-/seventh-0.7.40.tgz",
      "integrity": "sha512-7sxUydQx4iEh17uJUFjZDAwbffJirldZaNIJvVB/hk9mPEL3J4GpLGSL+mHFH2ydkye46DAsLGqzFJ+/Qj5foQ==",
      "requires": {
        "setimmediate": "^1.0.5"
      }
    },
    "string-kit": {
      "version": "0.12.8",
      "resolved": "https://registry.npmjs.org/string-kit/-/string-kit-0.12.8.tgz",
      "integrity": "sha512-9UYXBbe/reAZI6cKiaNC7zEzdmA91Ih5/lVmbPGoMssSWZfqVcQvqAMlL0dTdMn+a7XCXBe8zV4BVopXlf+Aaw=="
    },
    "terminal-kit": {
      "version": "2.1.8",
      "resolved": "https://registry.npmjs.org/terminal-kit/-/terminal-kit-2.1.8.tgz",
      "integrity": "sha512-0mj+C3iuawIwUAV/WBOw1GZ50kgEUefS1Ew0KoaD8mVfkr1nuI1kceTafDHoT7Vi3Gg2U+5DIeVjlts2lSyLzg==",
      "requires": {
        "@cronvel/get-pixels": "^3.4.0",
        "chroma-js": "^2.1.2",
        "lazyness": "^1.2.0",
        "ndarray": "^1.0.19",
        "nextgen-events": "^1.5.2",
        "seventh": "^0.7.40",
        "string-kit": "^0.12.8",
        "tree-kit": "^0.7.4"
      }
    },
    "tree-kit": {
      "version": "0.7.4",
      "resolved": "https://registry.npmjs.org/tree-kit/-/tree-kit-0.7.4.tgz",
      "integrity": "sha512-Of3tPmVs3b6BhzyUJ7t0olisf47kYr9qAm0XaUpURMjdBn6TwiVaaMuTFoKkkvPGojd9trKAHlrGGcGKcdR1DA=="
    },
    "uniq": {
      "version": "1.0.1",
      "resolved": "https://registry.npmjs.org/uniq/-/uniq-1.0.1.tgz",
      "integrity": "sha512-Gw+zz50YNKPDKXs+9d+aKAjVwpjNwqzvNpLigIruT4HA9lMZNdMqs9x07kKHB/L9WRzqp4+DlTU5s4wG2esdoA=="
    },
    "ws": {
      "version": "7.2.0",
      "resolved": "https://registry.npmjs.org/ws/-/ws-7.2.0.tgz",
      "integrity": "sha512-+SqNqFbwTm/0DC18KYzIsMTnEWpLwJsiasW/O17la4iDRRIO9uaHbvKiAS3AHgTiuuWerK/brj4O6MYZkei9xg==",
      "requires": {
        "async-limiter": "^1.0.0"
      }
    }
  }
}
